
Microsoft Visual Studio Solution File, Format Version 12.00
# Visual Studio Version 17
VisualStudioVersion = 17.8.34408.163
MinimumVisualStudioVersion = 10.0.40219.1
Project("{2150E333-8FDC-42A3-9474-1A3956D46DE8}") = "AdminPart", "AdminPart", "{ECB6E36B-9EAE-458D-9946-7AFD4772FC25}"
EndProject
Project("{2150E333-8FDC-42A3-9474-1A3956D46DE8}") = "VisitorPart", "VisitorPart", "{C9CCD30C-2A69-4890-A06C-A6B35ACD0D1F}"
EndProject
Project("{2150E333-8FDC-42A3-9474-1A3956D46DE8}") = "NuclearPart", "NuclearPart", "{AA7B6C28-FB12-4A12-A3BE-410180B9EEB7}"
EndProject
Project("{2150E333-8FDC-42A3-9474-1A3956D46DE8}") = "MangerPart", "MangerPart", "{92AFC7B6-D4EE-47DC-B016-426C29845380}"
EndProject
Project("{9A19103F-16F7-4668-BE54-9A1E7A4F7556}") = "AdminModel", "ContentPlusSolution\AdminSection\AdminModel\AdminModel.csproj", "{A6FED022-F634-45D1-9BDA-8B709734FDF0}"
EndProject
Project("{9A19103F-16F7-4668-BE54-9A1E7A4F7556}") = "AdminServer", "ContentPlusSolution\AdminSection\AdminServer\AdminServer.csproj", "{2E10B32D-3E3E-4CE9-9094-878223D88BDE}"
EndProject
Project("{9A19103F-16F7-4668-BE54-9A1E7A4F7556}") = "AdminService", "ContentPlusSolution\AdminSection\AdminService\AdminService.csproj", "{FD30AAD9-6DD2-4AD8-9DFA-EF3CFC1BD370}"
EndProject
Project("{9A19103F-16F7-4668-BE54-9A1E7A4F7556}") = "MangerModel", "ContentPlusSolution\MangerSection\MangerModel\MangerModel.csproj", "{8FE3DD8D-4D81-4117-B11A-46FA007E9902}"
EndProject
Project("{9A19103F-16F7-4668-BE54-9A1E7A4F7556}") = "MangerServer", "ContentPlusSolution\MangerSection\MangerServer\MangerServer.csproj", "{9B490E29-5B87-4BF7-A5E2-C8E9E17EC4B7}"
EndProject
Project("{9A19103F-16F7-4668-BE54-9A1E7A4F7556}") = "MangerService", "ContentPlusSolution\MangerSection\MangerService\MangerService.csproj", "{B5E96F25-150A-4FAC-8B4E-603A9F337470}"
EndProject
Project("{9A19103F-16F7-4668-BE54-9A1E7A4F7556}") = "Core", "ContentPlusSolution\NuclearPart\Core\Core.csproj", "{CED404B5-49B4-4CD4-B2A1-738BFA173B53}"
EndProject
Project("{9A19103F-16F7-4668-BE54-9A1E7A4F7556}") = "Entity", "ContentPlusSolution\NuclearPart\Entity\Entity.csproj", "{6F984DB7-7F24-4F1D-9A0E-FBF75F8AFC9D}"
EndProject
Project("{9A19103F-16F7-4668-BE54-9A1E7A4F7556}") = "MongoDiagnosis", "ContentPlusSolution\NuclearPart\MongoDiagnosis\MongoDiagnosis.csproj", "{CE89F10F-588F-480B-82A9-C84410B080EB}"
EndProject
Global
	GlobalSection(SolutionConfigurationPlatforms) = preSolution
		Debug|Any CPU = Debug|Any CPU
		Release|Any CPU = Release|Any CPU
	EndGlobalSection
	GlobalSection(ProjectConfigurationPlatforms) = postSolution
		{A6FED022-F634-45D1-9BDA-8B709734FDF0}.Debug|Any CPU.ActiveCfg = Debug|Any CPU
		{A6FED022-F634-45D1-9BDA-8B709734FDF0}.Debug|Any CPU.Build.0 = Debug|Any CPU
		{A6FED022-F634-45D1-9BDA-8B709734FDF0}.Release|Any CPU.ActiveCfg = Release|Any CPU
		{A6FED022-F634-45D1-9BDA-8B709734FDF0}.Release|Any CPU.Build.0 = Release|Any CPU
		{2E10B32D-3E3E-4CE9-9094-878223D88BDE}.Debug|Any CPU.ActiveCfg = Debug|Any CPU
		{2E10B32D-3E3E-4CE9-9094-878223D88BDE}.Debug|Any CPU.Build.0 = Debug|Any CPU
		{2E10B32D-3E3E-4CE9-9094-878223D88BDE}.Release|Any CPU.ActiveCfg = Release|Any CPU
		{2E10B32D-3E3E-4CE9-9094-878223D88BDE}.Release|Any CPU.Build.0 = Release|Any CPU
		{FD30AAD9-6DD2-4AD8-9DFA-EF3CFC1BD370}.Debug|Any CPU.ActiveCfg = Debug|Any CPU
		{FD30AAD9-6DD2-4AD8-9DFA-EF3CFC1BD370}.Debug|Any CPU.Build.0 = Debug|Any CPU
		{FD30AAD9-6DD2-4AD8-9DFA-EF3CFC1BD370}.Release|Any CPU.ActiveCfg = Release|Any CPU
		{FD30AAD9-6DD2-4AD8-9DFA-EF3CFC1BD370}.Release|Any CPU.Build.0 = Release|Any CPU
		{8FE3DD8D-4D81-4117-B11A-46FA007E9902}.Debug|Any CPU.ActiveCfg = Debug|Any CPU
		{8FE3DD8D-4D81-4117-B11A-46FA007E9902}.Debug|Any CPU.Build.0 = Debug|Any CPU
		{8FE3DD8D-4D81-4117-B11A-46FA007E9902}.Release|Any CPU.ActiveCfg = Release|Any CPU
		{8FE3DD8D-4D81-4117-B11A-46FA007E9902}.Release|Any CPU.Build.0 = Release|Any CPU
		{9B490E29-5B87-4BF7-A5E2-C8E9E17EC4B7}.Debug|Any CPU.ActiveCfg = Debug|Any CPU
		{9B490E29-5B87-4BF7-A5E2-C8E9E17EC4B7}.Debug|Any CPU.Build.0 = Debug|Any CPU
		{9B490E29-5B87-4BF7-A5E2-C8E9E17EC4B7}.Release|Any CPU.ActiveCfg = Release|Any CPU
		{9B490E29-5B87-4BF7-A5E2-C8E9E17EC4B7}.Release|Any CPU.Build.0 = Release|Any CPU
		{B5E96F25-150A-4FAC-8B4E-603A9F337470}.Debug|Any CPU.ActiveCfg = Debug|Any CPU
		{B5E96F25-150A-4FAC-8B4E-603A9F337470}.Debug|Any CPU.Build.0 = Debug|Any CPU
		{B5E96F25-150A-4FAC-8B4E-603A9F337470}.Release|Any CPU.ActiveCfg = Release|Any CPU
		{B5E96F25-150A-4FAC-8B4E-603A9F337470}.Release|Any CPU.Build.0 = Release|Any CPU
		{CED404B5-49B4-4CD4-B2A1-738BFA173B53}.Debug|Any CPU.ActiveCfg = Debug|Any CPU
		{CED404B5-49B4-4CD4-B2A1-738BFA173B53}.Debug|Any CPU.Build.0 = Debug|Any CPU
		{CED404B5-49B4-4CD4-B2A1-738BFA173B53}.Release|Any CPU.ActiveCfg = Release|Any CPU
		{CED404B5-49B4-4CD4-B2A1-738BFA173B53}.Release|Any CPU.Build.0 = Release|Any CPU
		{6F984DB7-7F24-4F1D-9A0E-FBF75F8AFC9D}.Debug|Any CPU.ActiveCfg = Debug|Any CPU
		{6F984DB7-7F24-4F1D-9A0E-FBF75F8AFC9D}.Debug|Any CPU.Build.0 = Debug|Any CPU
		{6F984DB7-7F24-4F1D-9A0E-FBF75F8AFC9D}.Release|Any CPU.ActiveCfg = Release|Any CPU
		{6F984DB7-7F24-4F1D-9A0E-FBF75F8AFC9D}.Release|Any CPU.Build.0 = Release|Any CPU
		{CE89F10F-588F-480B-82A9-C84410B080EB}.Debug|Any CPU.ActiveCfg = Debug|Any CPU
		{CE89F10F-588F-480B-82A9-C84410B080EB}.Debug|Any CPU.Build.0 = Debug|Any CPU
		{CE89F10F-588F-480B-82A9-C84410B080EB}.Release|Any CPU.ActiveCfg = Release|Any CPU
		{CE89F10F-588F-480B-82A9-C84410B080EB}.Release|Any CPU.Build.0 = Release|Any CPU
	EndGlobalSection
	GlobalSection(SolutionProperties) = preSolution
		HideSolutionNode = FALSE
	EndGlobalSection
	GlobalSection(NestedProjects) = preSolution
		{A6FED022-F634-45D1-9BDA-8B709734FDF0} = {ECB6E36B-9EAE-458D-9946-7AFD4772FC25}
		{2E10B32D-3E3E-4CE9-9094-878223D88BDE} = {ECB6E36B-9EAE-458D-9946-7AFD4772FC25}
		{FD30AAD9-6DD2-4AD8-9DFA-EF3CFC1BD370} = {ECB6E36B-9EAE-458D-9946-7AFD4772FC25}
		{8FE3DD8D-4D81-4117-B11A-46FA007E9902} = {92AFC7B6-D4EE-47DC-B016-426C29845380}
		{9B490E29-5B87-4BF7-A5E2-C8E9E17EC4B7} = {92AFC7B6-D4EE-47DC-B016-426C29845380}
		{B5E96F25-150A-4FAC-8B4E-603A9F337470} = {92AFC7B6-D4EE-47DC-B016-426C29845380}
		{CED404B5-49B4-4CD4-B2A1-738BFA173B53} = {AA7B6C28-FB12-4A12-A3BE-410180B9EEB7}
		{6F984DB7-7F24-4F1D-9A0E-FBF75F8AFC9D} = {AA7B6C28-FB12-4A12-A3BE-410180B9EEB7}
		{CE89F10F-588F-480B-82A9-C84410B080EB} = {AA7B6C28-FB12-4A12-A3BE-410180B9EEB7}
	EndGlobalSection
	GlobalSection(ExtensibilityGlobals) = postSolution
		SolutionGuid = {FCB80E95-1F92-41EA-99F7-26F3BA886114}
	EndGlobalSection
EndGlobal
