
Microsoft Visual Studio Solution File, Format Version 12.00
# Visual Studio Version 17
VisualStudioVersion = 17.8.34408.163
MinimumVisualStudioVersion = 10.0.40219.1
Project("{2150E333-8FDC-42A3-9474-1A3956D46DE8}") = "AdminPart", "AdminPart", "{ECB6E36B-9EAE-458D-9946-7AFD4772FC25}"
EndProject
Project("{2150E333-8FDC-42A3-9474-1A3956D46DE8}") = "VisitorPart", "VisitorPart", "{C9CCD30C-2A69-4890-A06C-A6B35ACD0D1F}"
EndProject
Project("{2150E333-8FDC-42A3-9474-1A3956D46DE8}") = "NuclearPart", "NuclearPart", "{AA7B6C28-FB12-4A12-A3BE-410180B9EEB7}"
EndProject
Project("{9A19103F-16F7-4668-BE54-9A1E7A4F7556}") = "Entity", "NuclearPart\Entity\Entity.csproj", "{36100D4A-F91D-4CF2-8241-897C751CC0FD}"
EndProject
Project("{2150E333-8FDC-42A3-9474-1A3956D46DE8}") = "MangerPart", "MangerPart", "{92AFC7B6-D4EE-47DC-B016-426C29845380}"
EndProject
Project("{9A19103F-16F7-4668-BE54-9A1E7A4F7556}") = "MangerService", "MangerService\MangerService.csproj", "{2E33046F-212F-47BB-9CC4-6F7EAA1BFBE9}"
EndProject
Project("{9A19103F-16F7-4668-BE54-9A1E7A4F7556}") = "Core", "Core\Core.csproj", "{2A0B2B23-8779-4DA2-B0E7-5B665385C8FE}"
EndProject
Project("{9A19103F-16F7-4668-BE54-9A1E7A4F7556}") = "MangerModel", "MangerModel\MangerModel.csproj", "{84367A90-1C4F-4B4D-8415-4D3B49067D0D}"
EndProject
Project("{9A19103F-16F7-4668-BE54-9A1E7A4F7556}") = "MongoDiagnosis", "MongoDiagnosis\MongoDiagnosis.csproj", "{81EBBC32-2521-4E92-A7B9-D292B11A2DBC}"
EndProject
Global
	GlobalSection(SolutionConfigurationPlatforms) = preSolution
		Debug|Any CPU = Debug|Any CPU
		Release|Any CPU = Release|Any CPU
	EndGlobalSection
	GlobalSection(ProjectConfigurationPlatforms) = postSolution
		{36100D4A-F91D-4CF2-8241-897C751CC0FD}.Debug|Any CPU.ActiveCfg = Debug|Any CPU
		{36100D4A-F91D-4CF2-8241-897C751CC0FD}.Debug|Any CPU.Build.0 = Debug|Any CPU
		{36100D4A-F91D-4CF2-8241-897C751CC0FD}.Release|Any CPU.ActiveCfg = Release|Any CPU
		{36100D4A-F91D-4CF2-8241-897C751CC0FD}.Release|Any CPU.Build.0 = Release|Any CPU
		{2E33046F-212F-47BB-9CC4-6F7EAA1BFBE9}.Debug|Any CPU.ActiveCfg = Debug|Any CPU
		{2E33046F-212F-47BB-9CC4-6F7EAA1BFBE9}.Debug|Any CPU.Build.0 = Debug|Any CPU
		{2E33046F-212F-47BB-9CC4-6F7EAA1BFBE9}.Release|Any CPU.ActiveCfg = Release|Any CPU
		{2E33046F-212F-47BB-9CC4-6F7EAA1BFBE9}.Release|Any CPU.Build.0 = Release|Any CPU
		{2A0B2B23-8779-4DA2-B0E7-5B665385C8FE}.Debug|Any CPU.ActiveCfg = Debug|Any CPU
		{2A0B2B23-8779-4DA2-B0E7-5B665385C8FE}.Debug|Any CPU.Build.0 = Debug|Any CPU
		{2A0B2B23-8779-4DA2-B0E7-5B665385C8FE}.Release|Any CPU.ActiveCfg = Release|Any CPU
		{2A0B2B23-8779-4DA2-B0E7-5B665385C8FE}.Release|Any CPU.Build.0 = Release|Any CPU
		{84367A90-1C4F-4B4D-8415-4D3B49067D0D}.Debug|Any CPU.ActiveCfg = Debug|Any CPU
		{84367A90-1C4F-4B4D-8415-4D3B49067D0D}.Debug|Any CPU.Build.0 = Debug|Any CPU
		{84367A90-1C4F-4B4D-8415-4D3B49067D0D}.Release|Any CPU.ActiveCfg = Release|Any CPU
		{84367A90-1C4F-4B4D-8415-4D3B49067D0D}.Release|Any CPU.Build.0 = Release|Any CPU
		{81EBBC32-2521-4E92-A7B9-D292B11A2DBC}.Debug|Any CPU.ActiveCfg = Debug|Any CPU
		{81EBBC32-2521-4E92-A7B9-D292B11A2DBC}.Debug|Any CPU.Build.0 = Debug|Any CPU
		{81EBBC32-2521-4E92-A7B9-D292B11A2DBC}.Release|Any CPU.ActiveCfg = Release|Any CPU
		{81EBBC32-2521-4E92-A7B9-D292B11A2DBC}.Release|Any CPU.Build.0 = Release|Any CPU
	EndGlobalSection
	GlobalSection(SolutionProperties) = preSolution
		HideSolutionNode = FALSE
	EndGlobalSection
	GlobalSection(NestedProjects) = preSolution
		{36100D4A-F91D-4CF2-8241-897C751CC0FD} = {AA7B6C28-FB12-4A12-A3BE-410180B9EEB7}
		{2E33046F-212F-47BB-9CC4-6F7EAA1BFBE9} = {92AFC7B6-D4EE-47DC-B016-426C29845380}
		{2A0B2B23-8779-4DA2-B0E7-5B665385C8FE} = {AA7B6C28-FB12-4A12-A3BE-410180B9EEB7}
		{84367A90-1C4F-4B4D-8415-4D3B49067D0D} = {92AFC7B6-D4EE-47DC-B016-426C29845380}
		{81EBBC32-2521-4E92-A7B9-D292B11A2DBC} = {AA7B6C28-FB12-4A12-A3BE-410180B9EEB7}
	EndGlobalSection
	GlobalSection(ExtensibilityGlobals) = postSolution
		SolutionGuid = {FCB80E95-1F92-41EA-99F7-26F3BA886114}
	EndGlobalSection
EndGlobal
